
Microsoft Visual Studio Solution File, Format Version 12.00
# Visual Studio Version 16
VisualStudioVersion = 16.0.30503.244
MinimumVisualStudioVersion = 10.0.40219.1
Project("{9A19103F-16F7-4668-BE54-9A1E7A4F7556}") = "WebAppApi", "WebAppApi.csproj", "{ADCCF7DF-4193-4D77-8187-CFB71A1B0CBE}"
EndProject
Global
	GlobalSection(SolutionConfigurationPlatforms) = preSolution
		Debug|Any CPU = Debug|Any CPU
		Release|Any CPU = Release|Any CPU
	EndGlobalSection
	GlobalSection(ProjectConfigurationPlatforms) = postSolution
		{ADCCF7DF-4193-4D77-8187-CFB71A1B0CBE}.Debug|Any CPU.ActiveCfg = Debug|Any CPU
		{ADCCF7DF-4193-4D77-8187-CFB71A1B0CBE}.Debug|Any CPU.Build.0 = Debug|Any CPU
		{ADCCF7DF-4193-4D77-8187-CFB71A1B0CBE}.Release|Any CPU.ActiveCfg = Release|Any CPU
		{ADCCF7DF-4193-4D77-8187-CFB71A1B0CBE}.Release|Any CPU.Build.0 = Release|Any CPU
	EndGlobalSection
	GlobalSection(SolutionProperties) = preSolution
		HideSolutionNode = FALSE
	EndGlobalSection
	GlobalSection(ExtensibilityGlobals) = postSolution
		SolutionGuid = {5831D8E4-C0F4-47D1-8689-E7965ED2B8F5}
	EndGlobalSection
EndGlobal
